
Microsoft Visual Studio Solution File, Format Version 12.00
# Visual Studio Version 16
VisualStudioVersion = 16.0.33529.622
MinimumVisualStudioVersion = 10.0.40219.1
Project("{FAE04EC0-301F-11D3-BF4B-00C04F79EFBC}") = "ITI_day5_1.2", "ITI_day5_1.2.csproj", "{1C597D92-EF56-4DAC-8F66-82118487FA05}"
EndProject
Global
	GlobalSection(SolutionConfigurationPlatforms) = preSolution
		Debug|Any CPU = Debug|Any CPU
		Release|Any CPU = Release|Any CPU
	EndGlobalSection
	GlobalSection(ProjectConfigurationPlatforms) = postSolution
		{1C597D92-EF56-4DAC-8F66-82118487FA05}.Debug|Any CPU.ActiveCfg = Debug|Any CPU
		{1C597D92-EF56-4DAC-8F66-82118487FA05}.Debug|Any CPU.Build.0 = Debug|Any CPU
		{1C597D92-EF56-4DAC-8F66-82118487FA05}.Release|Any CPU.ActiveCfg = Release|Any CPU
		{1C597D92-EF56-4DAC-8F66-82118487FA05}.Release|Any CPU.Build.0 = Release|Any CPU
	EndGlobalSection
	GlobalSection(SolutionProperties) = preSolution
		HideSolutionNode = FALSE
	EndGlobalSection
	GlobalSection(ExtensibilityGlobals) = postSolution
		SolutionGuid = {45AB0D63-C042-432C-9D76-E4403452B2C9}
	EndGlobalSection
EndGlobal
