
Microsoft Visual Studio Solution File, Format Version 12.00
# Visual Studio Version 16
VisualStudioVersion = 16.0.33529.622
MinimumVisualStudioVersion = 10.0.40219.1
Project("{FAE04EC0-301F-11D3-BF4B-00C04F79EFBC}") = "ITI_MagicBox", "ITI_MagicBox.csproj", "{8C7BF40B-A805-40E9-9718-0E145B1919D0}"
EndProject
Global
	GlobalSection(SolutionConfigurationPlatforms) = preSolution
		Debug|Any CPU = Debug|Any CPU
		Release|Any CPU = Release|Any CPU
	EndGlobalSection
	GlobalSection(ProjectConfigurationPlatforms) = postSolution
		{8C7BF40B-A805-40E9-9718-0E145B1919D0}.Debug|Any CPU.ActiveCfg = Debug|Any CPU
		{8C7BF40B-A805-40E9-9718-0E145B1919D0}.Debug|Any CPU.Build.0 = Debug|Any CPU
		{8C7BF40B-A805-40E9-9718-0E145B1919D0}.Release|Any CPU.ActiveCfg = Release|Any CPU
		{8C7BF40B-A805-40E9-9718-0E145B1919D0}.Release|Any CPU.Build.0 = Release|Any CPU
	EndGlobalSection
	GlobalSection(SolutionProperties) = preSolution
		HideSolutionNode = FALSE
	EndGlobalSection
	GlobalSection(ExtensibilityGlobals) = postSolution
		SolutionGuid = {AC868B74-7B1A-4D79-83EE-59C7B98CD591}
	EndGlobalSection
EndGlobal
