
Microsoft Visual Studio Solution File, Format Version 12.00
# Visual Studio Version 16
VisualStudioVersion = 16.0.33529.622
MinimumVisualStudioVersion = 10.0.40219.1
Project("{FAE04EC0-301F-11D3-BF4B-00C04F79EFBC}") = "ITI_day2 1.1", "ITI_day2 1.1.csproj", "{155400B8-4989-4FDA-A40E-A7A279F63D69}"
EndProject
Global
	GlobalSection(SolutionConfigurationPlatforms) = preSolution
		Debug|Any CPU = Debug|Any CPU
		Release|Any CPU = Release|Any CPU
	EndGlobalSection
	GlobalSection(ProjectConfigurationPlatforms) = postSolution
		{155400B8-4989-4FDA-A40E-A7A279F63D69}.Debug|Any CPU.ActiveCfg = Debug|Any CPU
		{155400B8-4989-4FDA-A40E-A7A279F63D69}.Debug|Any CPU.Build.0 = Debug|Any CPU
		{155400B8-4989-4FDA-A40E-A7A279F63D69}.Release|Any CPU.ActiveCfg = Release|Any CPU
		{155400B8-4989-4FDA-A40E-A7A279F63D69}.Release|Any CPU.Build.0 = Release|Any CPU
	EndGlobalSection
	GlobalSection(SolutionProperties) = preSolution
		HideSolutionNode = FALSE
	EndGlobalSection
	GlobalSection(ExtensibilityGlobals) = postSolution
		SolutionGuid = {922C143E-622D-4DB0-8D72-BBBB28351649}
	EndGlobalSection
EndGlobal
